// !$*UTF8*$!
{
	archiveVersion = 1;
	classes = {
	};
	objectVersion = 55;
	objects = {

/* Begin PBXBuildFile section */
		23040C9927DA28A40092E5EF /* AppDelegate.swift in Sources */ = {isa = PBXBuildFile; fileRef = 23040C9827DA28A40092E5EF /* AppDelegate.swift */; };
		23040C9B27DA28A40092E5EF /* SceneDelegate.swift in Sources */ = {isa = PBXBuildFile; fileRef = 23040C9A27DA28A40092E5EF /* SceneDelegate.swift */; };
		23040C9D27DA28A40092E5EF /* ViewController.swift in Sources */ = {isa = PBXBuildFile; fileRef = 23040C9C27DA28A40092E5EF /* ViewController.swift */; };
		23040CA027DA28A40092E5EF /* Main.storyboard in Resources */ = {isa = PBXBuildFile; fileRef = 23040C9E27DA28A40092E5EF /* Main.storyboard */; };
		23040CA227DA28A40092E5EF /* Assets.xcassets in Resources */ = {isa = PBXBuildFile; fileRef = 23040CA127DA28A40092E5EF /* Assets.xcassets */; };
		23040CA527DA28A40092E5EF /* LaunchScreen.storyboard in Resources */ = {isa = PBXBuildFile; fileRef = 23040CA327DA28A40092E5EF /* LaunchScreen.storyboard */; };
		2A5656AA17FBEE7FA968C06B /* Pods_05FilteringOperators.framework in Frameworks */ = {isa = PBXBuildFile; fileRef = 7077EEA514B9F773B47AD742 /* Pods_05FilteringOperators.framework */; };
/* End PBXBuildFile section */

/* Begin PBXFileReference section */
		23040C9527DA28A40092E5EF /* 05FilteringOperators.app */ = {isa = PBXFileReference; explicitFileType = wrapper.application; includeInIndex = 0; path = 05FilteringOperators.app; sourceTree = BUILT_PRODUCTS_DIR; };
		23040C9827DA28A40092E5EF /* AppDelegate.swift */ = {isa = PBXFileReference; lastKnownFileType = sourcecode.swift; path = AppDelegate.swift; sourceTree = "<group>"; };
		23040C9A27DA28A40092E5EF /* SceneDelegate.swift */ = {isa = PBXFileReference; lastKnownFileType = sourcecode.swift; path = SceneDelegate.swift; sourceTree = "<group>"; };
		23040C9C27DA28A40092E5EF /* ViewController.swift */ = {isa = PBXFileReference; lastKnownFileType = sourcecode.swift; path = ViewController.swift; sourceTree = "<group>"; };
		23040C9F27DA28A40092E5EF /* Base */ = {isa = PBXFileReference; lastKnownFileType = file.storyboard; name = Base; path = Base.lproj/Main.storyboard; sourceTree = "<group>"; };
		23040CA127DA28A40092E5EF /* Assets.xcassets */ = {isa = PBXFileReference; lastKnownFileType = folder.assetcatalog; path = Assets.xcassets; sourceTree = "<group>"; };
		23040CA427DA28A40092E5EF /* Base */ = {isa = PBXFileReference; lastKnownFileType = file.storyboard; name = Base; path = Base.lproj/LaunchScreen.storyboard; sourceTree = "<group>"; };
		23040CA627DA28A40092E5EF /* Info.plist */ = {isa = PBXFileReference; lastKnownFileType = text.plist.xml; path = Info.plist; sourceTree = "<group>"; };
		42D15C67A77AAB7B4803DCCC /* Pods-05FilteringOperators.release.xcconfig */ = {isa = PBXFileReference; includeInIndex = 1; lastKnownFileType = text.xcconfig; name = "Pods-05FilteringOperators.release.xcconfig"; path = "Target Support Files/Pods-05FilteringOperators/Pods-05FilteringOperators.release.xcconfig"; sourceTree = "<group>"; };
		7077EEA514B9F773B47AD742 /* Pods_05FilteringOperators.framework */ = {isa = PBXFileReference; explicitFileType = wrapper.framework; includeInIndex = 0; path = Pods_05FilteringOperators.framework; sourceTree = BUILT_PRODUCTS_DIR; };
		C1127CB7ED1901A8ECA885B5 /* Pods-05FilteringOperators.debug.xcconfig */ = {isa = PBXFileReference; includeInIndex = 1; lastKnownFileType = text.xcconfig; name = "Pods-05FilteringOperators.debug.xcconfig"; path = "Target Support Files/Pods-05FilteringOperators/Pods-05FilteringOperators.debug.xcconfig"; sourceTree = "<group>"; };
/* End PBXFileReference section */

/* Begin PBXFrameworksBuildPhase section */
		23040C9227DA28A40092E5EF /* Frameworks */ = {
			isa = PBXFrameworksBuildPhase;
			buildActionMask = 2147483647;
			files = (
				2A5656AA17FBEE7FA968C06B /* Pods_05FilteringOperators.framework in Frameworks */,
			);
			runOnlyForDeploymentPostprocessing = 0;
		};
/* End PBXFrameworksBuildPhase section */

/* Begin PBXGroup section */
		0E3E5F056BADF58AD29E6EFB /* Pods */ = {
			isa = PBXGroup;
			children = (
				C1127CB7ED1901A8ECA885B5 /* Pods-05FilteringOperators.debug.xcconfig */,
				42D15C67A77AAB7B4803DCCC /* Pods-05FilteringOperators.release.xcconfig */,
			);
			name = Pods;
			path = Pods;
			sourceTree = "<group>";
		};
		23040C8C27DA28A40092E5EF = {
			isa = PBXGroup;
			children = (
				23040C9727DA28A40092E5EF /* 05FilteringOperators */,
				23040C9627DA28A40092E5EF /* Products */,
				0E3E5F056BADF58AD29E6EFB /* Pods */,
				774B2BAD8C229765BAE511D2 /* Frameworks */,
			);
			sourceTree = "<group>";
		};
		23040C9627DA28A40092E5EF /* Products */ = {
			isa = PBXGroup;
			children = (
				23040C9527DA28A40092E5EF /* 05FilteringOperators.app */,
			);
			name = Products;
			sourceTree = "<group>";
		};
		23040C9727DA28A40092E5EF /* 05FilteringOperators */ = {
			isa = PBXGroup;
			children = (
				23040C9827DA28A40092E5EF /* AppDelegate.swift */,
				23040C9A27DA28A40092E5EF /* SceneDelegate.swift */,
				23040C9C27DA28A40092E5EF /* ViewController.swift */,
				23040C9E27DA28A40092E5EF /* Main.storyboard */,
				23040CA127DA28A40092E5EF /* Assets.xcassets */,
				23040CA327DA28A40092E5EF /* LaunchScreen.storyboard */,
				23040CA627DA28A40092E5EF /* Info.plist */,
			);
			path = 05FilteringOperators;
			sourceTree = "<group>";
		};
		774B2BAD8C229765BAE511D2 /* Frameworks */ = {
			isa = PBXGroup;
			children = (
				7077EEA514B9F773B47AD742 /* Pods_05FilteringOperators.framework */,
			);
			name = Frameworks;
			sourceTree = "<group>";
		};
/* End PBXGroup section */

/* Begin PBXNativeTarget section */
		23040C9427DA28A40092E5EF /* 05FilteringOperators */ = {
			isa = PBXNativeTarget;
			buildConfigurationList = 23040CA927DA28A40092E5EF /* Build configuration list for PBXNativeTarget "05FilteringOperators" */;
			buildPhases = (
				0C44A8042B1533F28D3DD923 /* [CP] Check Pods Manifest.lock */,
				23040C9127DA28A40092E5EF /* Sources */,
				23040C9227DA28A40092E5EF /* Frameworks */,
				23040C9327DA28A40092E5EF /* Resources */,
				F151EE0FD40F980D50FD8043 /* [CP] Embed Pods Frameworks */,
			);
			buildRules = (
			);
			dependencies = (
			);
			name = 05FilteringOperators;
			productName = 05FilteringOperators;
			productReference = 23040C9527DA28A40092E5EF /* 05FilteringOperators.app */;
			productType = "com.apple.product-type.application";
		};
/* End PBXNativeTarget section */

/* Begin PBXProject section */
		23040C8D27DA28A40092E5EF /* Project object */ = {
			isa = PBXProject;
			attributes = {
				BuildIndependentTargetsInParallel = 1;
				LastSwiftUpdateCheck = 1310;
				LastUpgradeCheck = 1310;
				TargetAttributes = {
					23040C9427DA28A40092E5EF = {
						CreatedOnToolsVersion = 13.1;
					};
				};
			};
			buildConfigurationList = 23040C9027DA28A40092E5EF /* Build configuration list for PBXProject "05FilteringOperators" */;
			compatibilityVersion = "Xcode 13.0";
			developmentRegion = en;
			hasScannedForEncodings = 0;
			knownRegions = (
				en,
				Base,
			);
			mainGroup = 23040C8C27DA28A40092E5EF;
			productRefGroup = 23040C9627DA28A40092E5EF /* Products */;
			projectDirPath = "";
			projectRoot = "";
			targets = (
				23040C9427DA28A40092E5EF /* 05FilteringOperators */,
			);
		};
/* End PBXProject section */

/* Begin PBXResourcesBuildPhase section */
		23040C9327DA28A40092E5EF /* Resources */ = {
			isa = PBXResourcesBuildPhase;
			buildActionMask = 2147483647;
			files = (
				23040CA527DA28A40092E5EF /* LaunchScreen.storyboard in Resources */,
				23040CA227DA28A40092E5EF /* Assets.xcassets in Resources */,
				23040CA027DA28A40092E5EF /* Main.storyboard in Resources */,
			);
			runOnlyForDeploymentPostprocessing = 0;
		};
/* End PBXResourcesBuildPhase section */

/* Begin PBXShellScriptBuildPhase section */
		0C44A8042B1533F28D3DD923 /* [CP] Check Pods Manifest.lock */ = {
			isa = PBXShellScriptBuildPhase;
			buildActionMask = 2147483647;
			files = (
			);
			inputFileListPaths = (
			);
			inputPaths = (
				"${PODS_PODFILE_DIR_PATH}/Podfile.lock",
				"${PODS_ROOT}/Manifest.lock",
			);
			name = "[CP] Check Pods Manifest.lock";
			outputFileListPaths = (
			);
			outputPaths = (
				"$(DERIVED_FILE_DIR)/Pods-05FilteringOperators-checkManifestLockResult.txt",
			);
			runOnlyForDeploymentPostprocessing = 0;
			shellPath = /bin/sh;
			shellScript = "diff \"${PODS_PODFILE_DIR_PATH}/Podfile.lock\" \"${PODS_ROOT}/Manifest.lock\" > /dev/null\nif [ $? != 0 ] ; then\n    # print error to STDERR\n    echo \"error: The sandbox is not in sync with the Podfile.lock. Run 'pod install' or update your CocoaPods installation.\" >&2\n    exit 1\nfi\n# This output is used by Xcode 'outputs' to avoid re-running this script phase.\necho \"SUCCESS\" > \"${SCRIPT_OUTPUT_FILE_0}\"\n";
			showEnvVarsInLog = 0;
		};
		F151EE0FD40F980D50FD8043 /* [CP] Embed Pods Frameworks */ = {
			isa = PBXShellScriptBuildPhase;
			buildActionMask = 2147483647;
			files = (
			);
			inputFileListPaths = (
				"${PODS_ROOT}/Target Support Files/Pods-05FilteringOperators/Pods-05FilteringOperators-frameworks-${CONFIGURATION}-input-files.xcfilelist",
			);
			name = "[CP] Embed Pods Frameworks";
			outputFileListPaths = (
				"${PODS_ROOT}/Target Support Files/Pods-05FilteringOperators/Pods-05FilteringOperators-frameworks-${CONFIGURATION}-output-files.xcfilelist",
			);
			runOnlyForDeploymentPostprocessing = 0;
			shellPath = /bin/sh;
			shellScript = "\"${PODS_ROOT}/Target Support Files/Pods-05FilteringOperators/Pods-05FilteringOperators-frameworks.sh\"\n";
			showEnvVarsInLog = 0;
		};
/* End PBXShellScriptBuildPhase section */

/* Begin PBXSourcesBuildPhase section */
		23040C9127DA28A40092E5EF /* Sources */ = {
			isa = PBXSourcesBuildPhase;
			buildActionMask = 2147483647;
			files = (
				23040C9D27DA28A40092E5EF /* ViewController.swift in Sources */,
				23040C9927DA28A40092E5EF /* AppDelegate.swift in Sources */,
				23040C9B27DA28A40092E5EF /* SceneDelegate.swift in Sources */,
			);
			runOnlyForDeploymentPostprocessing = 0;
		};
/* End PBXSourcesBuildPhase section */

/* Begin PBXVariantGroup section */
		23040C9E27DA28A40092E5EF /* Main.storyboard */ = {
			isa = PBXVariantGroup;
			children = (
				23040C9F27DA28A40092E5EF /* Base */,
			);
			name = Main.storyboard;
			sourceTree = "<group>";
		};
		23040CA327DA28A40092E5EF /* LaunchScreen.storyboard */ = {
			isa = PBXVariantGroup;
			children = (
				23040CA427DA28A40092E5EF /* Base */,
			);
			name = LaunchScreen.storyboard;
			sourceTree = "<group>";
		};
/* End PBXVariantGroup section */

/* Begin XCBuildConfiguration section */
		23040CA727DA28A40092E5EF /* Debug */ = {
			isa = XCBuildConfiguration;
			buildSettings = {
				ALWAYS_SEARCH_USER_PATHS = NO;
				CLANG_ANALYZER_NONNULL = YES;
				CLANG_ANALYZER_NUMBER_OBJECT_CONVERSION = YES_AGGRESSIVE;
				CLANG_CXX_LANGUAGE_STANDARD = "gnu++17";
				CLANG_CXX_LIBRARY = "libc++";
				CLANG_ENABLE_MODULES = YES;
				CLANG_ENABLE_OBJC_ARC = YES;
				CLANG_ENABLE_OBJC_WEAK = YES;
				CLANG_WARN_BLOCK_CAPTURE_AUTORELEASING = YES;
				CLANG_WARN_BOOL_CONVERSION = YES;
				CLANG_WARN_COMMA = YES;
				CLANG_WARN_CONSTANT_CONVERSION = YES;
				CLANG_WARN_DEPRECATED_OBJC_IMPLEMENTATIONS = YES;
				CLANG_WARN_DIRECT_OBJC_ISA_USAGE = YES_ERROR;
				CLANG_WARN_DOCUMENTATION_COMMENTS = YES;
				CLANG_WARN_EMPTY_BODY = YES;
				CLANG_WARN_ENUM_CONVERSION = YES;
				CLANG_WARN_INFINITE_RECURSION = YES;
				CLANG_WARN_INT_CONVERSION = YES;
				CLANG_WARN_NON_LITERAL_NULL_CONVERSION = YES;
				CLANG_WARN_OBJC_IMPLICIT_RETAIN_SELF = YES;
				CLANG_WARN_OBJC_LITERAL_CONVERSION = YES;
				CLANG_WARN_OBJC_ROOT_CLASS = YES_ERROR;
				CLANG_WARN_QUOTED_INCLUDE_IN_FRAMEWORK_HEADER = YES;
				CLANG_WARN_RANGE_LOOP_ANALYSIS = YES;
				CLANG_WARN_STRICT_PROTOTYPES = YES;
				CLANG_WARN_SUSPICIOUS_MOVE = YES;
				CLANG_WARN_UNGUARDED_AVAILABILITY = YES_AGGRESSIVE;
				CLANG_WARN_UNREACHABLE_CODE = YES;
				CLANG_WARN__DUPLICATE_METHOD_MATCH = YES;
				COPY_PHASE_STRIP = NO;
				DEBUG_INFORMATION_FORMAT = dwarf;
				ENABLE_STRICT_OBJC_MSGSEND = YES;
				ENABLE_TESTABILITY = YES;
				GCC_C_LANGUAGE_STANDARD = gnu11;
				GCC_DYNAMIC_NO_PIC = NO;
				GCC_NO_COMMON_BLOCKS = YES;
				GCC_OPTIMIZATION_LEVEL = 0;
				GCC_PREPROCESSOR_DEFINITIONS = (
					"DEBUG=1",
					"$(inherited)",
				);
				GCC_WARN_64_TO_32_BIT_CONVERSION = YES;
				GCC_WARN_ABOUT_RETURN_TYPE = YES_ERROR;
				GCC_WARN_UNDECLARED_SELECTOR = YES;
				GCC_WARN_UNINITIALIZED_AUTOS = YES_AGGRESSIVE;
				GCC_WARN_UNUSED_FUNCTION = YES;
				GCC_WARN_UNUSED_VARIABLE = YES;
				IPHONEOS_DEPLOYMENT_TARGET = 15.0;
				MTL_ENABLE_DEBUG_INFO = INCLUDE_SOURCE;
				MTL_FAST_MATH = YES;
				ONLY_ACTIVE_ARCH = YES;
				SDKROOT = iphoneos;
				SWIFT_ACTIVE_COMPILATION_CONDITIONS = DEBUG;
				SWIFT_OPTIMIZATION_LEVEL = "-Onone";
			};
			name = Debug;
		};
		23040CA827DA28A40092E5EF /* Release */ = {
			isa = XCBuildConfiguration;
			buildSettings = {
				ALWAYS_SEARCH_USER_PATHS = NO;
				CLANG_ANALYZER_NONNULL = YES;
				CLANG_ANALYZER_NUMBER_OBJECT_CONVERSION = YES_AGGRESSIVE;
				CLANG_CXX_LANGUAGE_STANDARD = "gnu++17";
				CLANG_CXX_LIBRARY = "libc++";
				CLANG_ENABLE_MODULES = YES;
				CLANG_ENABLE_OBJC_ARC = YES;
				CLANG_ENABLE_OBJC_WEAK = YES;
				CLANG_WARN_BLOCK_CAPTURE_AUTORELEASING = YES;
				CLANG_WARN_BOOL_CONVERSION = YES;
				CLANG_WARN_COMMA = YES;
				CLANG_WARN_CONSTANT_CONVERSION = YES;
				CLANG_WARN_DEPRECATED_OBJC_IMPLEMENTATIONS = YES;
				CLANG_WARN_DIRECT_OBJC_ISA_USAGE = YES_ERROR;
				CLANG_WARN_DOCUMENTATION_COMMENTS = YES;
				CLANG_WARN_EMPTY_BODY = YES;
				CLANG_WARN_ENUM_CONVERSION = YES;
				CLANG_WARN_INFINITE_RECURSION = YES;
				CLANG_WARN_INT_CONVERSION = YES;
				CLANG_WARN_NON_LITERAL_NULL_CONVERSION = YES;
				CLANG_WARN_OBJC_IMPLICIT_RETAIN_SELF = YES;
				CLANG_WARN_OBJC_LITERAL_CONVERSION = YES;
				CLANG_WARN_OBJC_ROOT_CLASS = YES_ERROR;
				CLANG_WARN_QUOTED_INCLUDE_IN_FRAMEWORK_HEADER = YES;
				CLANG_WARN_RANGE_LOOP_ANALYSIS = YES;
				CLANG_WARN_STRICT_PROTOTYPES = YES;
				CLANG_WARN_SUSPICIOUS_MOVE = YES;
				CLANG_WARN_UNGUARDED_AVAILABILITY = YES_AGGRESSIVE;
				CLANG_WARN_UNREACHABLE_CODE = YES;
				CLANG_WARN__DUPLICATE_METHOD_MATCH = YES;
				COPY_PHASE_STRIP = NO;
				DEBUG_INFORMATION_FORMAT = "dwarf-with-dsym";
				ENABLE_NS_ASSERTIONS = NO;
				ENABLE_STRICT_OBJC_MSGSEND = YES;
				GCC_C_LANGUAGE_STANDARD = gnu11;
				GCC_NO_COMMON_BLOCKS = YES;
				GCC_WARN_64_TO_32_BIT_CONVERSION = YES;
				GCC_WARN_ABOUT_RETURN_TYPE = YES_ERROR;
				GCC_WARN_UNDECLARED_SELECTOR = YES;
				GCC_WARN_UNINITIALIZED_AUTOS = YES_AGGRESSIVE;
				GCC_WARN_UNUSED_FUNCTION = YES;
				GCC_WARN_UNUSED_VARIABLE = YES;
				IPHONEOS_DEPLOYMENT_TARGET = 15.0;
				MTL_ENABLE_DEBUG_INFO = NO;
				MTL_FAST_MATH = YES;
				SDKROOT = iphoneos;
				SWIFT_COMPILATION_MODE = wholemodule;
				SWIFT_OPTIMIZATION_LEVEL = "-O";
				VALIDATE_PRODUCT = YES;
			};
			name = Release;
		};
		23040CAA27DA28A40092E5EF /* Debug */ = {
			isa = XCBuildConfiguration;
			baseConfigurationReference = C1127CB7ED1901A8ECA885B5 /* Pods-05FilteringOperators.debug.xcconfig */;
			buildSettings = {
				ASSETCATALOG_COMPILER_APPICON_NAME = AppIcon;
				ASSETCATALOG_COMPILER_GLOBAL_ACCENT_COLOR_NAME = AccentColor;
				CODE_SIGN_STYLE = Automatic;
				CURRENT_PROJECT_VERSION = 1;
				DEVELOPMENT_TEAM = U2Z5Z44P4R;
				GENERATE_INFOPLIST_FILE = YES;
				INFOPLIST_FILE = 05FilteringOperators/Info.plist;
				INFOPLIST_KEY_UIApplicationSupportsIndirectInputEvents = YES;
				INFOPLIST_KEY_UILaunchStoryboardName = LaunchScreen;
				INFOPLIST_KEY_UIMainStoryboardFile = Main;
				INFOPLIST_KEY_UISupportedInterfaceOrientations_iPad = "UIInterfaceOrientationPortrait UIInterfaceOrientationPortraitUpsideDown UIInterfaceOrientationLandscapeLeft UIInterfaceOrientationLandscapeRight";
				INFOPLIST_KEY_UISupportedInterfaceOrientations_iPhone = "UIInterfaceOrientationPortrait UIInterfaceOrientationLandscapeLeft UIInterfaceOrientationLandscapeRight";
				LD_RUNPATH_SEARCH_PATHS = (
					"$(inherited)",
					"@executable_path/Frameworks",
				);
				MARKETING_VERSION = 1.0;
				PRODUCT_BUNDLE_IDENTIFIER = "com.hyk.-5FilteringOperators";
				PRODUCT_NAME = "$(TARGET_NAME)";
				SWIFT_EMIT_LOC_STRINGS = YES;
				SWIFT_VERSION = 5.0;
				TARGETED_DEVICE_FAMILY = "1,2";
			};
			name = Debug;
		};
		23040CAB27DA28A40092E5EF /* Release */ = {
			isa = XCBuildConfiguration;
			baseConfigurationReference = 42D15C67A77AAB7B4803DCCC /* Pods-05FilteringOperators.release.xcconfig */;
			buildSettings = {
				ASSETCATALOG_COMPILER_APPICON_NAME = AppIcon;
				ASSETCATALOG_COMPILER_GLOBAL_ACCENT_COLOR_NAME = AccentColor;
				CODE_SIGN_STYLE = Automatic;
				CURRENT_PROJECT_VERSION = 1;
				DEVELOPMENT_TEAM = U2Z5Z44P4R;
				GENERATE_INFOPLIST_FILE = YES;
				INFOPLIST_FILE = 05FilteringOperators/Info.plist;
				INFOPLIST_KEY_UIApplicationSupportsIndirectInputEvents = YES;
				INFOPLIST_KEY_UILaunchStoryboardName = LaunchScreen;
				INFOPLIST_KEY_UIMainStoryboardFile = Main;
				INFOPLIST_KEY_UISupportedInterfaceOrientations_iPad = "UIInterfaceOrientationPortrait UIInterfaceOrientationPortraitUpsideDown UIInterfaceOrientationLandscapeLeft UIInterfaceOrientationLandscapeRight";
				INFOPLIST_KEY_UISupportedInterfaceOrientations_iPhone = "UIInterfaceOrientationPortrait UIInterfaceOrientationLandscapeLeft UIInterfaceOrientationLandscapeRight";
				LD_RUNPATH_SEARCH_PATHS = (
					"$(inherited)",
					"@executable_path/Frameworks",
				);
				MARKETING_VERSION = 1.0;
				PRODUCT_BUNDLE_IDENTIFIER = "com.hyk.-5FilteringOperators";
				PRODUCT_NAME = "$(TARGET_NAME)";
				SWIFT_EMIT_LOC_STRINGS = YES;
				SWIFT_VERSION = 5.0;
				TARGETED_DEVICE_FAMILY = "1,2";
			};
			name = Release;
		};
/* End XCBuildConfiguration section */

/* Begin XCConfigurationList section */
		23040C9027DA28A40092E5EF /* Build configuration list for PBXProject "05FilteringOperators" */ = {
			isa = XCConfigurationList;
			buildConfigurations = (
				23040CA727DA28A40092E5EF /* Debug */,
				23040CA827DA28A40092E5EF /* Release */,
			);
			defaultConfigurationIsVisible = 0;
			defaultConfigurationName = Release;
		};
		23040CA927DA28A40092E5EF /* Build configuration list for PBXNativeTarget "05FilteringOperators" */ = {
			isa = XCConfigurationList;
			buildConfigurations = (
				23040CAA27DA28A40092E5EF /* Debug */,
				23040CAB27DA28A40092E5EF /* Release */,
			);
			defaultConfigurationIsVisible = 0;
			defaultConfigurationName = Release;
		};
/* End XCConfigurationList section */
	};
	rootObject = 23040C8D27DA28A40092E5EF /* Project object */;
}
