// !$*UTF8*$!
{
	archiveVersion = 1;
	classes = {
	};
	objectVersion = 55;
	objects = {

/* Begin PBXBuildFile section */
		158146DEBEBE935B6CA3A6BC /* Pods_03Subject.framework in Frameworks */ = {isa = PBXBuildFile; fileRef = E3974B97F9AF14566E8BD861 /* Pods_03Subject.framework */; };
		629FC3D427D07FC300AFF966 /* AppDelegate.swift in Sources */ = {isa = PBXBuildFile; fileRef = 629FC3D327D07FC300AFF966 /* AppDelegate.swift */; };
		629FC3D627D07FC300AFF966 /* SceneDelegate.swift in Sources */ = {isa = PBXBuildFile; fileRef = 629FC3D527D07FC300AFF966 /* SceneDelegate.swift */; };
		629FC3D827D07FC300AFF966 /* ViewController.swift in Sources */ = {isa = PBXBuildFile; fileRef = 629FC3D727D07FC300AFF966 /* ViewController.swift */; };
		629FC3DB27D07FC300AFF966 /* Main.storyboard in Resources */ = {isa = PBXBuildFile; fileRef = 629FC3D927D07FC300AFF966 /* Main.storyboard */; };
		629FC3DD27D07FC400AFF966 /* Assets.xcassets in Resources */ = {isa = PBXBuildFile; fileRef = 629FC3DC27D07FC400AFF966 /* Assets.xcassets */; };
		629FC3E027D07FC400AFF966 /* LaunchScreen.storyboard in Resources */ = {isa = PBXBuildFile; fileRef = 629FC3DE27D07FC400AFF966 /* LaunchScreen.storyboard */; };
/* End PBXBuildFile section */

/* Begin PBXFileReference section */
		5FF25E28190DBC12E4D692AF /* Pods-03Subject.release.xcconfig */ = {isa = PBXFileReference; includeInIndex = 1; lastKnownFileType = text.xcconfig; name = "Pods-03Subject.release.xcconfig"; path = "Target Support Files/Pods-03Subject/Pods-03Subject.release.xcconfig"; sourceTree = "<group>"; };
		629FC3D027D07FC300AFF966 /* 03Subject.app */ = {isa = PBXFileReference; explicitFileType = wrapper.application; includeInIndex = 0; path = 03Subject.app; sourceTree = BUILT_PRODUCTS_DIR; };
		629FC3D327D07FC300AFF966 /* AppDelegate.swift */ = {isa = PBXFileReference; lastKnownFileType = sourcecode.swift; path = AppDelegate.swift; sourceTree = "<group>"; };
		629FC3D527D07FC300AFF966 /* SceneDelegate.swift */ = {isa = PBXFileReference; lastKnownFileType = sourcecode.swift; path = SceneDelegate.swift; sourceTree = "<group>"; };
		629FC3D727D07FC300AFF966 /* ViewController.swift */ = {isa = PBXFileReference; lastKnownFileType = sourcecode.swift; path = ViewController.swift; sourceTree = "<group>"; };
		629FC3DA27D07FC300AFF966 /* Base */ = {isa = PBXFileReference; lastKnownFileType = file.storyboard; name = Base; path = Base.lproj/Main.storyboard; sourceTree = "<group>"; };
		629FC3DC27D07FC400AFF966 /* Assets.xcassets */ = {isa = PBXFileReference; lastKnownFileType = folder.assetcatalog; path = Assets.xcassets; sourceTree = "<group>"; };
		629FC3DF27D07FC400AFF966 /* Base */ = {isa = PBXFileReference; lastKnownFileType = file.storyboard; name = Base; path = Base.lproj/LaunchScreen.storyboard; sourceTree = "<group>"; };
		629FC3E127D07FC400AFF966 /* Info.plist */ = {isa = PBXFileReference; lastKnownFileType = text.plist.xml; path = Info.plist; sourceTree = "<group>"; };
		629FC3E727D0802800AFF966 /* 03Subject.playground */ = {isa = PBXFileReference; lastKnownFileType = file.playground; path = 03Subject.playground; sourceTree = "<group>"; xcLanguageSpecificationIdentifier = xcode.lang.swift; };
		669073D187E4A5EC715ACCB1 /* Pods-03Subject.debug.xcconfig */ = {isa = PBXFileReference; includeInIndex = 1; lastKnownFileType = text.xcconfig; name = "Pods-03Subject.debug.xcconfig"; path = "Target Support Files/Pods-03Subject/Pods-03Subject.debug.xcconfig"; sourceTree = "<group>"; };
		E3974B97F9AF14566E8BD861 /* Pods_03Subject.framework */ = {isa = PBXFileReference; explicitFileType = wrapper.framework; includeInIndex = 0; path = Pods_03Subject.framework; sourceTree = BUILT_PRODUCTS_DIR; };
/* End PBXFileReference section */

/* Begin PBXFrameworksBuildPhase section */
		629FC3CD27D07FC300AFF966 /* Frameworks */ = {
			isa = PBXFrameworksBuildPhase;
			buildActionMask = 2147483647;
			files = (
				158146DEBEBE935B6CA3A6BC /* Pods_03Subject.framework in Frameworks */,
			);
			runOnlyForDeploymentPostprocessing = 0;
		};
/* End PBXFrameworksBuildPhase section */

/* Begin PBXGroup section */
		51750BCE2D446A7ED3162736 /* Pods */ = {
			isa = PBXGroup;
			children = (
				669073D187E4A5EC715ACCB1 /* Pods-03Subject.debug.xcconfig */,
				5FF25E28190DBC12E4D692AF /* Pods-03Subject.release.xcconfig */,
			);
			path = Pods;
			sourceTree = "<group>";
		};
		629FC3C727D07FC300AFF966 = {
			isa = PBXGroup;
			children = (
				629FC3E727D0802800AFF966 /* 03Subject.playground */,
				629FC3D227D07FC300AFF966 /* 03Subject */,
				629FC3D127D07FC300AFF966 /* Products */,
				51750BCE2D446A7ED3162736 /* Pods */,
				9E12B4D5BE1E6E44F443D43C /* Frameworks */,
			);
			sourceTree = "<group>";
		};
		629FC3D127D07FC300AFF966 /* Products */ = {
			isa = PBXGroup;
			children = (
				629FC3D027D07FC300AFF966 /* 03Subject.app */,
			);
			name = Products;
			sourceTree = "<group>";
		};
		629FC3D227D07FC300AFF966 /* 03Subject */ = {
			isa = PBXGroup;
			children = (
				629FC3D327D07FC300AFF966 /* AppDelegate.swift */,
				629FC3D527D07FC300AFF966 /* SceneDelegate.swift */,
				629FC3D727D07FC300AFF966 /* ViewController.swift */,
				629FC3D927D07FC300AFF966 /* Main.storyboard */,
				629FC3DC27D07FC400AFF966 /* Assets.xcassets */,
				629FC3DE27D07FC400AFF966 /* LaunchScreen.storyboard */,
				629FC3E127D07FC400AFF966 /* Info.plist */,
			);
			path = 03Subject;
			sourceTree = "<group>";
		};
		9E12B4D5BE1E6E44F443D43C /* Frameworks */ = {
			isa = PBXGroup;
			children = (
				E3974B97F9AF14566E8BD861 /* Pods_03Subject.framework */,
			);
			name = Frameworks;
			sourceTree = "<group>";
		};
/* End PBXGroup section */

/* Begin PBXNativeTarget section */
		629FC3CF27D07FC300AFF966 /* 03Subject */ = {
			isa = PBXNativeTarget;
			buildConfigurationList = 629FC3E427D07FC400AFF966 /* Build configuration list for PBXNativeTarget "03Subject" */;
			buildPhases = (
				5B1734B97DD36753AC3838AC /* [CP] Check Pods Manifest.lock */,
				629FC3CC27D07FC300AFF966 /* Sources */,
				629FC3CD27D07FC300AFF966 /* Frameworks */,
				629FC3CE27D07FC300AFF966 /* Resources */,
				5657794E65C815675919C0F0 /* [CP] Embed Pods Frameworks */,
			);
			buildRules = (
			);
			dependencies = (
			);
			name = 03Subject;
			productName = 03Subject;
			productReference = 629FC3D027D07FC300AFF966 /* 03Subject.app */;
			productType = "com.apple.product-type.application";
		};
/* End PBXNativeTarget section */

/* Begin PBXProject section */
		629FC3C827D07FC300AFF966 /* Project object */ = {
			isa = PBXProject;
			attributes = {
				BuildIndependentTargetsInParallel = 1;
				LastSwiftUpdateCheck = 1320;
				LastUpgradeCheck = 1320;
				TargetAttributes = {
					629FC3CF27D07FC300AFF966 = {
						CreatedOnToolsVersion = 13.2.1;
					};
				};
			};
			buildConfigurationList = 629FC3CB27D07FC300AFF966 /* Build configuration list for PBXProject "03Subject" */;
			compatibilityVersion = "Xcode 13.0";
			developmentRegion = en;
			hasScannedForEncodings = 0;
			knownRegions = (
				en,
				Base,
			);
			mainGroup = 629FC3C727D07FC300AFF966;
			productRefGroup = 629FC3D127D07FC300AFF966 /* Products */;
			projectDirPath = "";
			projectRoot = "";
			targets = (
				629FC3CF27D07FC300AFF966 /* 03Subject */,
			);
		};
/* End PBXProject section */

/* Begin PBXResourcesBuildPhase section */
		629FC3CE27D07FC300AFF966 /* Resources */ = {
			isa = PBXResourcesBuildPhase;
			buildActionMask = 2147483647;
			files = (
				629FC3E027D07FC400AFF966 /* LaunchScreen.storyboard in Resources */,
				629FC3DD27D07FC400AFF966 /* Assets.xcassets in Resources */,
				629FC3DB27D07FC300AFF966 /* Main.storyboard in Resources */,
			);
			runOnlyForDeploymentPostprocessing = 0;
		};
/* End PBXResourcesBuildPhase section */

/* Begin PBXShellScriptBuildPhase section */
		5657794E65C815675919C0F0 /* [CP] Embed Pods Frameworks */ = {
			isa = PBXShellScriptBuildPhase;
			buildActionMask = 2147483647;
			files = (
			);
			inputFileListPaths = (
				"${PODS_ROOT}/Target Support Files/Pods-03Subject/Pods-03Subject-frameworks-${CONFIGURATION}-input-files.xcfilelist",
			);
			name = "[CP] Embed Pods Frameworks";
			outputFileListPaths = (
				"${PODS_ROOT}/Target Support Files/Pods-03Subject/Pods-03Subject-frameworks-${CONFIGURATION}-output-files.xcfilelist",
			);
			runOnlyForDeploymentPostprocessing = 0;
			shellPath = /bin/sh;
			shellScript = "\"${PODS_ROOT}/Target Support Files/Pods-03Subject/Pods-03Subject-frameworks.sh\"\n";
			showEnvVarsInLog = 0;
		};
		5B1734B97DD36753AC3838AC /* [CP] Check Pods Manifest.lock */ = {
			isa = PBXShellScriptBuildPhase;
			buildActionMask = 2147483647;
			files = (
			);
			inputFileListPaths = (
			);
			inputPaths = (
				"${PODS_PODFILE_DIR_PATH}/Podfile.lock",
				"${PODS_ROOT}/Manifest.lock",
			);
			name = "[CP] Check Pods Manifest.lock";
			outputFileListPaths = (
			);
			outputPaths = (
				"$(DERIVED_FILE_DIR)/Pods-03Subject-checkManifestLockResult.txt",
			);
			runOnlyForDeploymentPostprocessing = 0;
			shellPath = /bin/sh;
			shellScript = "diff \"${PODS_PODFILE_DIR_PATH}/Podfile.lock\" \"${PODS_ROOT}/Manifest.lock\" > /dev/null\nif [ $? != 0 ] ; then\n    # print error to STDERR\n    echo \"error: The sandbox is not in sync with the Podfile.lock. Run 'pod install' or update your CocoaPods installation.\" >&2\n    exit 1\nfi\n# This output is used by Xcode 'outputs' to avoid re-running this script phase.\necho \"SUCCESS\" > \"${SCRIPT_OUTPUT_FILE_0}\"\n";
			showEnvVarsInLog = 0;
		};
/* End PBXShellScriptBuildPhase section */

/* Begin PBXSourcesBuildPhase section */
		629FC3CC27D07FC300AFF966 /* Sources */ = {
			isa = PBXSourcesBuildPhase;
			buildActionMask = 2147483647;
			files = (
				629FC3D827D07FC300AFF966 /* ViewController.swift in Sources */,
				629FC3D427D07FC300AFF966 /* AppDelegate.swift in Sources */,
				629FC3D627D07FC300AFF966 /* SceneDelegate.swift in Sources */,
			);
			runOnlyForDeploymentPostprocessing = 0;
		};
/* End PBXSourcesBuildPhase section */

/* Begin PBXVariantGroup section */
		629FC3D927D07FC300AFF966 /* Main.storyboard */ = {
			isa = PBXVariantGroup;
			children = (
				629FC3DA27D07FC300AFF966 /* Base */,
			);
			name = Main.storyboard;
			sourceTree = "<group>";
		};
		629FC3DE27D07FC400AFF966 /* LaunchScreen.storyboard */ = {
			isa = PBXVariantGroup;
			children = (
				629FC3DF27D07FC400AFF966 /* Base */,
			);
			name = LaunchScreen.storyboard;
			sourceTree = "<group>";
		};
/* End PBXVariantGroup section */

/* Begin XCBuildConfiguration section */
		629FC3E227D07FC400AFF966 /* Debug */ = {
			isa = XCBuildConfiguration;
			buildSettings = {
				ALWAYS_SEARCH_USER_PATHS = NO;
				CLANG_ANALYZER_NONNULL = YES;
				CLANG_ANALYZER_NUMBER_OBJECT_CONVERSION = YES_AGGRESSIVE;
				CLANG_CXX_LANGUAGE_STANDARD = "gnu++17";
				CLANG_CXX_LIBRARY = "libc++";
				CLANG_ENABLE_MODULES = YES;
				CLANG_ENABLE_OBJC_ARC = YES;
				CLANG_ENABLE_OBJC_WEAK = YES;
				CLANG_WARN_BLOCK_CAPTURE_AUTORELEASING = YES;
				CLANG_WARN_BOOL_CONVERSION = YES;
				CLANG_WARN_COMMA = YES;
				CLANG_WARN_CONSTANT_CONVERSION = YES;
				CLANG_WARN_DEPRECATED_OBJC_IMPLEMENTATIONS = YES;
				CLANG_WARN_DIRECT_OBJC_ISA_USAGE = YES_ERROR;
				CLANG_WARN_DOCUMENTATION_COMMENTS = YES;
				CLANG_WARN_EMPTY_BODY = YES;
				CLANG_WARN_ENUM_CONVERSION = YES;
				CLANG_WARN_INFINITE_RECURSION = YES;
				CLANG_WARN_INT_CONVERSION = YES;
				CLANG_WARN_NON_LITERAL_NULL_CONVERSION = YES;
				CLANG_WARN_OBJC_IMPLICIT_RETAIN_SELF = YES;
				CLANG_WARN_OBJC_LITERAL_CONVERSION = YES;
				CLANG_WARN_OBJC_ROOT_CLASS = YES_ERROR;
				CLANG_WARN_QUOTED_INCLUDE_IN_FRAMEWORK_HEADER = YES;
				CLANG_WARN_RANGE_LOOP_ANALYSIS = YES;
				CLANG_WARN_STRICT_PROTOTYPES = YES;
				CLANG_WARN_SUSPICIOUS_MOVE = YES;
				CLANG_WARN_UNGUARDED_AVAILABILITY = YES_AGGRESSIVE;
				CLANG_WARN_UNREACHABLE_CODE = YES;
				CLANG_WARN__DUPLICATE_METHOD_MATCH = YES;
				COPY_PHASE_STRIP = NO;
				DEBUG_INFORMATION_FORMAT = dwarf;
				ENABLE_STRICT_OBJC_MSGSEND = YES;
				ENABLE_TESTABILITY = YES;
				GCC_C_LANGUAGE_STANDARD = gnu11;
				GCC_DYNAMIC_NO_PIC = NO;
				GCC_NO_COMMON_BLOCKS = YES;
				GCC_OPTIMIZATION_LEVEL = 0;
				GCC_PREPROCESSOR_DEFINITIONS = (
					"DEBUG=1",
					"$(inherited)",
				);
				GCC_WARN_64_TO_32_BIT_CONVERSION = YES;
				GCC_WARN_ABOUT_RETURN_TYPE = YES_ERROR;
				GCC_WARN_UNDECLARED_SELECTOR = YES;
				GCC_WARN_UNINITIALIZED_AUTOS = YES_AGGRESSIVE;
				GCC_WARN_UNUSED_FUNCTION = YES;
				GCC_WARN_UNUSED_VARIABLE = YES;
				IPHONEOS_DEPLOYMENT_TARGET = 15.2;
				MTL_ENABLE_DEBUG_INFO = INCLUDE_SOURCE;
				MTL_FAST_MATH = YES;
				ONLY_ACTIVE_ARCH = YES;
				SDKROOT = iphoneos;
				SWIFT_ACTIVE_COMPILATION_CONDITIONS = DEBUG;
				SWIFT_OPTIMIZATION_LEVEL = "-Onone";
			};
			name = Debug;
		};
		629FC3E327D07FC400AFF966 /* Release */ = {
			isa = XCBuildConfiguration;
			buildSettings = {
				ALWAYS_SEARCH_USER_PATHS = NO;
				CLANG_ANALYZER_NONNULL = YES;
				CLANG_ANALYZER_NUMBER_OBJECT_CONVERSION = YES_AGGRESSIVE;
				CLANG_CXX_LANGUAGE_STANDARD = "gnu++17";
				CLANG_CXX_LIBRARY = "libc++";
				CLANG_ENABLE_MODULES = YES;
				CLANG_ENABLE_OBJC_ARC = YES;
				CLANG_ENABLE_OBJC_WEAK = YES;
				CLANG_WARN_BLOCK_CAPTURE_AUTORELEASING = YES;
				CLANG_WARN_BOOL_CONVERSION = YES;
				CLANG_WARN_COMMA = YES;
				CLANG_WARN_CONSTANT_CONVERSION = YES;
				CLANG_WARN_DEPRECATED_OBJC_IMPLEMENTATIONS = YES;
				CLANG_WARN_DIRECT_OBJC_ISA_USAGE = YES_ERROR;
				CLANG_WARN_DOCUMENTATION_COMMENTS = YES;
				CLANG_WARN_EMPTY_BODY = YES;
				CLANG_WARN_ENUM_CONVERSION = YES;
				CLANG_WARN_INFINITE_RECURSION = YES;
				CLANG_WARN_INT_CONVERSION = YES;
				CLANG_WARN_NON_LITERAL_NULL_CONVERSION = YES;
				CLANG_WARN_OBJC_IMPLICIT_RETAIN_SELF = YES;
				CLANG_WARN_OBJC_LITERAL_CONVERSION = YES;
				CLANG_WARN_OBJC_ROOT_CLASS = YES_ERROR;
				CLANG_WARN_QUOTED_INCLUDE_IN_FRAMEWORK_HEADER = YES;
				CLANG_WARN_RANGE_LOOP_ANALYSIS = YES;
				CLANG_WARN_STRICT_PROTOTYPES = YES;
				CLANG_WARN_SUSPICIOUS_MOVE = YES;
				CLANG_WARN_UNGUARDED_AVAILABILITY = YES_AGGRESSIVE;
				CLANG_WARN_UNREACHABLE_CODE = YES;
				CLANG_WARN__DUPLICATE_METHOD_MATCH = YES;
				COPY_PHASE_STRIP = NO;
				DEBUG_INFORMATION_FORMAT = "dwarf-with-dsym";
				ENABLE_NS_ASSERTIONS = NO;
				ENABLE_STRICT_OBJC_MSGSEND = YES;
				GCC_C_LANGUAGE_STANDARD = gnu11;
				GCC_NO_COMMON_BLOCKS = YES;
				GCC_WARN_64_TO_32_BIT_CONVERSION = YES;
				GCC_WARN_ABOUT_RETURN_TYPE = YES_ERROR;
				GCC_WARN_UNDECLARED_SELECTOR = YES;
				GCC_WARN_UNINITIALIZED_AUTOS = YES_AGGRESSIVE;
				GCC_WARN_UNUSED_FUNCTION = YES;
				GCC_WARN_UNUSED_VARIABLE = YES;
				IPHONEOS_DEPLOYMENT_TARGET = 15.2;
				MTL_ENABLE_DEBUG_INFO = NO;
				MTL_FAST_MATH = YES;
				SDKROOT = iphoneos;
				SWIFT_COMPILATION_MODE = wholemodule;
				SWIFT_OPTIMIZATION_LEVEL = "-O";
				VALIDATE_PRODUCT = YES;
			};
			name = Release;
		};
		629FC3E527D07FC400AFF966 /* Debug */ = {
			isa = XCBuildConfiguration;
			baseConfigurationReference = 669073D187E4A5EC715ACCB1 /* Pods-03Subject.debug.xcconfig */;
			buildSettings = {
				ASSETCATALOG_COMPILER_APPICON_NAME = AppIcon;
				ASSETCATALOG_COMPILER_GLOBAL_ACCENT_COLOR_NAME = AccentColor;
				CODE_SIGN_STYLE = Automatic;
				CURRENT_PROJECT_VERSION = 1;
				GENERATE_INFOPLIST_FILE = YES;
				INFOPLIST_FILE = 03Subject/Info.plist;
				INFOPLIST_KEY_UIApplicationSupportsIndirectInputEvents = YES;
				INFOPLIST_KEY_UILaunchStoryboardName = LaunchScreen;
				INFOPLIST_KEY_UIMainStoryboardFile = Main;
				INFOPLIST_KEY_UISupportedInterfaceOrientations_iPad = "UIInterfaceOrientationPortrait UIInterfaceOrientationPortraitUpsideDown UIInterfaceOrientationLandscapeLeft UIInterfaceOrientationLandscapeRight";
				INFOPLIST_KEY_UISupportedInterfaceOrientations_iPhone = "UIInterfaceOrientationPortrait UIInterfaceOrientationLandscapeLeft UIInterfaceOrientationLandscapeRight";
				LD_RUNPATH_SEARCH_PATHS = (
					"$(inherited)",
					"@executable_path/Frameworks",
				);
				MARKETING_VERSION = 1.0;
				PRODUCT_BUNDLE_IDENTIFIER = "inje.-3Subject";
				PRODUCT_NAME = "$(TARGET_NAME)";
				SWIFT_EMIT_LOC_STRINGS = YES;
				SWIFT_VERSION = 5.0;
				TARGETED_DEVICE_FAMILY = "1,2";
			};
			name = Debug;
		};
		629FC3E627D07FC400AFF966 /* Release */ = {
			isa = XCBuildConfiguration;
			baseConfigurationReference = 5FF25E28190DBC12E4D692AF /* Pods-03Subject.release.xcconfig */;
			buildSettings = {
				ASSETCATALOG_COMPILER_APPICON_NAME = AppIcon;
				ASSETCATALOG_COMPILER_GLOBAL_ACCENT_COLOR_NAME = AccentColor;
				CODE_SIGN_STYLE = Automatic;
				CURRENT_PROJECT_VERSION = 1;
				GENERATE_INFOPLIST_FILE = YES;
				INFOPLIST_FILE = 03Subject/Info.plist;
				INFOPLIST_KEY_UIApplicationSupportsIndirectInputEvents = YES;
				INFOPLIST_KEY_UILaunchStoryboardName = LaunchScreen;
				INFOPLIST_KEY_UIMainStoryboardFile = Main;
				INFOPLIST_KEY_UISupportedInterfaceOrientations_iPad = "UIInterfaceOrientationPortrait UIInterfaceOrientationPortraitUpsideDown UIInterfaceOrientationLandscapeLeft UIInterfaceOrientationLandscapeRight";
				INFOPLIST_KEY_UISupportedInterfaceOrientations_iPhone = "UIInterfaceOrientationPortrait UIInterfaceOrientationLandscapeLeft UIInterfaceOrientationLandscapeRight";
				LD_RUNPATH_SEARCH_PATHS = (
					"$(inherited)",
					"@executable_path/Frameworks",
				);
				MARKETING_VERSION = 1.0;
				PRODUCT_BUNDLE_IDENTIFIER = "inje.-3Subject";
				PRODUCT_NAME = "$(TARGET_NAME)";
				SWIFT_EMIT_LOC_STRINGS = YES;
				SWIFT_VERSION = 5.0;
				TARGETED_DEVICE_FAMILY = "1,2";
			};
			name = Release;
		};
/* End XCBuildConfiguration section */

/* Begin XCConfigurationList section */
		629FC3CB27D07FC300AFF966 /* Build configuration list for PBXProject "03Subject" */ = {
			isa = XCConfigurationList;
			buildConfigurations = (
				629FC3E227D07FC400AFF966 /* Debug */,
				629FC3E327D07FC400AFF966 /* Release */,
			);
			defaultConfigurationIsVisible = 0;
			defaultConfigurationName = Release;
		};
		629FC3E427D07FC400AFF966 /* Build configuration list for PBXNativeTarget "03Subject" */ = {
			isa = XCConfigurationList;
			buildConfigurations = (
				629FC3E527D07FC400AFF966 /* Debug */,
				629FC3E627D07FC400AFF966 /* Release */,
			);
			defaultConfigurationIsVisible = 0;
			defaultConfigurationName = Release;
		};
/* End XCConfigurationList section */
	};
	rootObject = 629FC3C827D07FC300AFF966 /* Project object */;
}
